
Microsoft Visual Studio Solution File, Format Version 12.00
# Visual Studio Version 17
VisualStudioVersion = 17.14.36408.4 d17.14
MinimumVisualStudioVersion = 10.0.40219.1
Project("{FAE04EC0-301F-11D3-BF4B-00C04F79EFBC}") = "ATM Simulation (Offline)", "ATM Simulation (Offline).csproj", "{07C17804-EF6B-4424-A2C4-7B3996002E8A}"
EndProject
Global
	GlobalSection(SolutionConfigurationPlatforms) = preSolution
		Debug|Any CPU = Debug|Any CPU
		Release|Any CPU = Release|Any CPU
	EndGlobalSection
	GlobalSection(ProjectConfigurationPlatforms) = postSolution
		{07C17804-EF6B-4424-A2C4-7B3996002E8A}.Debug|Any CPU.ActiveCfg = Debug|Any CPU
		{07C17804-EF6B-4424-A2C4-7B3996002E8A}.Debug|Any CPU.Build.0 = Debug|Any CPU
		{07C17804-EF6B-4424-A2C4-7B3996002E8A}.Release|Any CPU.ActiveCfg = Release|Any CPU
		{07C17804-EF6B-4424-A2C4-7B3996002E8A}.Release|Any CPU.Build.0 = Release|Any CPU
	EndGlobalSection
	GlobalSection(SolutionProperties) = preSolution
		HideSolutionNode = FALSE
	EndGlobalSection
	GlobalSection(ExtensibilityGlobals) = postSolution
		SolutionGuid = {B3897714-B5AC-4348-84CE-684EF659729B}
	EndGlobalSection
EndGlobal
